
Microsoft Visual Studio Solution File, Format Version 12.00
# Visual Studio Version 16
VisualStudioVersion = 16.0.31005.135
MinimumVisualStudioVersion = 10.0.40219.1
Project("{FAE04EC0-301F-11D3-BF4B-00C04F79EFBC}") = "AvondaleTyres", "AvondaleTyres.csproj", "{E32A46F1-AC5D-492E-9283-2B1A55C7A39A}"
EndProject
Global
	GlobalSection(SolutionConfigurationPlatforms) = preSolution
		Debug|Any CPU = Debug|Any CPU
		Release|Any CPU = Release|Any CPU
	EndGlobalSection
	GlobalSection(ProjectConfigurationPlatforms) = postSolution
		{E32A46F1-AC5D-492E-9283-2B1A55C7A39A}.Debug|Any CPU.ActiveCfg = Debug|Any CPU
		{E32A46F1-AC5D-492E-9283-2B1A55C7A39A}.Debug|Any CPU.Build.0 = Debug|Any CPU
		{E32A46F1-AC5D-492E-9283-2B1A55C7A39A}.Release|Any CPU.ActiveCfg = Release|Any CPU
		{E32A46F1-AC5D-492E-9283-2B1A55C7A39A}.Release|Any CPU.Build.0 = Release|Any CPU
	EndGlobalSection
	GlobalSection(SolutionProperties) = preSolution
		HideSolutionNode = FALSE
	EndGlobalSection
	GlobalSection(ExtensibilityGlobals) = postSolution
		SolutionGuid = {A2E0DF92-CB92-4AE2-8A75-3F76CF1B6649}
	EndGlobalSection
EndGlobal
